// !$*UTF8*$!
{
	archiveVersion = 1;
	classes = {
	};
	objectVersion = 55;
	objects = {

/* Begin PBXBuildFile section */
		910DB90427F5D74A00C816A9 /* RssParser.swift in Sources */ = {isa = PBXBuildFile; fileRef = 910DB90327F5D74A00C816A9 /* RssParser.swift */; };
		910DB90627F60FEE00C816A9 /* Model.swift in Sources */ = {isa = PBXBuildFile; fileRef = 910DB90527F60FEE00C816A9 /* Model.swift */; };
		910FFB2F27E327CB0059D045 /* ParametersView.swift in Sources */ = {isa = PBXBuildFile; fileRef = 910FFB2E27E327CB0059D045 /* ParametersView.swift */; };
		910FFB3127E328220059D045 /* ParametersViewModel.swift in Sources */ = {isa = PBXBuildFile; fileRef = 910FFB3027E328220059D045 /* ParametersViewModel.swift */; };
		910FFB3327E333BD0059D045 /* BookmarkView.swift in Sources */ = {isa = PBXBuildFile; fileRef = 910FFB3227E333BD0059D045 /* BookmarkView.swift */; };
		910FFB3527E333CF0059D045 /* BookmarkViewModel.swift in Sources */ = {isa = PBXBuildFile; fileRef = 910FFB3427E333CF0059D045 /* BookmarkViewModel.swift */; };
		910FFB3727E345710059D045 /* FluxListView.swift in Sources */ = {isa = PBXBuildFile; fileRef = 910FFB3627E345710059D045 /* FluxListView.swift */; };
		910FFB3927E479C20059D045 /* RegisterView.swift in Sources */ = {isa = PBXBuildFile; fileRef = 910FFB3827E479C20059D045 /* RegisterView.swift */; };
		910FFB3B27E47C300059D045 /* RegisterViewModel.swift in Sources */ = {isa = PBXBuildFile; fileRef = 910FFB3A27E47C300059D045 /* RegisterViewModel.swift */; };
		913417FE27EDB38600C1E9E0 /* GoogleService-Info.plist in Resources */ = {isa = PBXBuildFile; fileRef = 913417FD27EDB38600C1E9E0 /* GoogleService-Info.plist */; };
		9134180127EDB58C00C1E9E0 /* FirebaseAuth in Frameworks */ = {isa = PBXBuildFile; productRef = 9134180027EDB58C00C1E9E0 /* FirebaseAuth */; };
		9134180327EDB58C00C1E9E0 /* FirebaseDatabase in Frameworks */ = {isa = PBXBuildFile; productRef = 9134180227EDB58C00C1E9E0 /* FirebaseDatabase */; };
		9197684127D4AD3600F2F679 /* MyFluxRSSApp.swift in Sources */ = {isa = PBXBuildFile; fileRef = 9197684027D4AD3600F2F679 /* MyFluxRSSApp.swift */; };
		9197684327D4AD3600F2F679 /* ContentView.swift in Sources */ = {isa = PBXBuildFile; fileRef = 9197684227D4AD3600F2F679 /* ContentView.swift */; };
		9197684527D4AD3700F2F679 /* Assets.xcassets in Resources */ = {isa = PBXBuildFile; fileRef = 9197684427D4AD3700F2F679 /* Assets.xcassets */; };
		9197684827D4AD3700F2F679 /* Preview Assets.xcassets in Resources */ = {isa = PBXBuildFile; fileRef = 9197684727D4AD3700F2F679 /* Preview Assets.xcassets */; };
		9197685227D4AD3700F2F679 /* MyFluxRSSTests.swift in Sources */ = {isa = PBXBuildFile; fileRef = 9197685127D4AD3700F2F679 /* MyFluxRSSTests.swift */; };
		9197685C27D4AD3700F2F679 /* MyFluxRSSUITests.swift in Sources */ = {isa = PBXBuildFile; fileRef = 9197685B27D4AD3700F2F679 /* MyFluxRSSUITests.swift */; };
		9197685E27D4AD3700F2F679 /* MyFluxRSSUITestsLaunchTests.swift in Sources */ = {isa = PBXBuildFile; fileRef = 9197685D27D4AD3700F2F679 /* MyFluxRSSUITestsLaunchTests.swift */; };
		9197687027D4AEA400F2F679 /* ContentViewModel.swift in Sources */ = {isa = PBXBuildFile; fileRef = 9197686F27D4AEA400F2F679 /* ContentViewModel.swift */; };
		9197687427D4BAC400F2F679 /* Colors.xcassets in Resources */ = {isa = PBXBuildFile; fileRef = 9197687327D4BAC400F2F679 /* Colors.xcassets */; };
		9197687627D4BBD100F2F679 /* ColorManager.swift in Sources */ = {isa = PBXBuildFile; fileRef = 9197687527D4BBD100F2F679 /* ColorManager.swift */; };
		9197687A27D4BF2100F2F679 /* FillViewModel.swift in Sources */ = {isa = PBXBuildFile; fileRef = 9197687927D4BF2100F2F679 /* FillViewModel.swift */; };
		9197687C27D4C02500F2F679 /* FillView.swift in Sources */ = {isa = PBXBuildFile; fileRef = 9197687B27D4C02500F2F679 /* FillView.swift */; };
		9197687E27D4FCEC00F2F679 /* ArticleView.swift in Sources */ = {isa = PBXBuildFile; fileRef = 9197687D27D4FCEC00F2F679 /* ArticleView.swift */; };
/* End PBXBuildFile section */

/* Begin PBXContainerItemProxy section */
		9197684E27D4AD3700F2F679 /* PBXContainerItemProxy */ = {
			isa = PBXContainerItemProxy;
			containerPortal = 9197683527D4AD3600F2F679 /* Project object */;
			proxyType = 1;
			remoteGlobalIDString = 9197683C27D4AD3600F2F679;
			remoteInfo = MyFluxRSS;
		};
		9197685827D4AD3700F2F679 /* PBXContainerItemProxy */ = {
			isa = PBXContainerItemProxy;
			containerPortal = 9197683527D4AD3600F2F679 /* Project object */;
			proxyType = 1;
			remoteGlobalIDString = 9197683C27D4AD3600F2F679;
			remoteInfo = MyFluxRSS;
		};
/* End PBXContainerItemProxy section */

/* Begin PBXFileReference section */
		910DB90327F5D74A00C816A9 /* RssParser.swift */ = {isa = PBXFileReference; lastKnownFileType = sourcecode.swift; path = RssParser.swift; sourceTree = "<group>"; };
		910DB90527F60FEE00C816A9 /* Model.swift */ = {isa = PBXFileReference; lastKnownFileType = sourcecode.swift; path = Model.swift; sourceTree = "<group>"; };
		910FFB2E27E327CB0059D045 /* ParametersView.swift */ = {isa = PBXFileReference; lastKnownFileType = sourcecode.swift; path = ParametersView.swift; sourceTree = "<group>"; };
		910FFB3027E328220059D045 /* ParametersViewModel.swift */ = {isa = PBXFileReference; lastKnownFileType = sourcecode.swift; path = ParametersViewModel.swift; sourceTree = "<group>"; };
		910FFB3227E333BD0059D045 /* BookmarkView.swift */ = {isa = PBXFileReference; lastKnownFileType = sourcecode.swift; path = BookmarkView.swift; sourceTree = "<group>"; };
		910FFB3427E333CF0059D045 /* BookmarkViewModel.swift */ = {isa = PBXFileReference; lastKnownFileType = sourcecode.swift; path = BookmarkViewModel.swift; sourceTree = "<group>"; };
		910FFB3627E345710059D045 /* FluxListView.swift */ = {isa = PBXFileReference; lastKnownFileType = sourcecode.swift; path = FluxListView.swift; sourceTree = "<group>"; };
		910FFB3827E479C20059D045 /* RegisterView.swift */ = {isa = PBXFileReference; lastKnownFileType = sourcecode.swift; path = RegisterView.swift; sourceTree = "<group>"; };
		910FFB3A27E47C300059D045 /* RegisterViewModel.swift */ = {isa = PBXFileReference; lastKnownFileType = sourcecode.swift; path = RegisterViewModel.swift; sourceTree = "<group>"; };
		913417FD27EDB38600C1E9E0 /* GoogleService-Info.plist */ = {isa = PBXFileReference; fileEncoding = 4; lastKnownFileType = text.plist.xml; name = "GoogleService-Info.plist"; path = "../../../../../../Downloads/GoogleService-Info.plist"; sourceTree = "<group>"; };
		9197683D27D4AD3600F2F679 /* MyFluxRSS.app */ = {isa = PBXFileReference; explicitFileType = wrapper.application; includeInIndex = 0; path = MyFluxRSS.app; sourceTree = BUILT_PRODUCTS_DIR; };
		9197684027D4AD3600F2F679 /* MyFluxRSSApp.swift */ = {isa = PBXFileReference; lastKnownFileType = sourcecode.swift; path = MyFluxRSSApp.swift; sourceTree = "<group>"; };
		9197684227D4AD3600F2F679 /* ContentView.swift */ = {isa = PBXFileReference; lastKnownFileType = sourcecode.swift; path = ContentView.swift; sourceTree = "<group>"; };
		9197684427D4AD3700F2F679 /* Assets.xcassets */ = {isa = PBXFileReference; lastKnownFileType = folder.assetcatalog; path = Assets.xcassets; sourceTree = "<group>"; };
		9197684727D4AD3700F2F679 /* Preview Assets.xcassets */ = {isa = PBXFileReference; lastKnownFileType = folder.assetcatalog; path = "Preview Assets.xcassets"; sourceTree = "<group>"; };
		9197684D27D4AD3700F2F679 /* MyFluxRSSTests.xctest */ = {isa = PBXFileReference; explicitFileType = wrapper.cfbundle; includeInIndex = 0; path = MyFluxRSSTests.xctest; sourceTree = BUILT_PRODUCTS_DIR; };
		9197685127D4AD3700F2F679 /* MyFluxRSSTests.swift */ = {isa = PBXFileReference; lastKnownFileType = sourcecode.swift; path = MyFluxRSSTests.swift; sourceTree = "<group>"; };
		9197685727D4AD3700F2F679 /* MyFluxRSSUITests.xctest */ = {isa = PBXFileReference; explicitFileType = wrapper.cfbundle; includeInIndex = 0; path = MyFluxRSSUITests.xctest; sourceTree = BUILT_PRODUCTS_DIR; };
		9197685B27D4AD3700F2F679 /* MyFluxRSSUITests.swift */ = {isa = PBXFileReference; lastKnownFileType = sourcecode.swift; path = MyFluxRSSUITests.swift; sourceTree = "<group>"; };
		9197685D27D4AD3700F2F679 /* MyFluxRSSUITestsLaunchTests.swift */ = {isa = PBXFileReference; lastKnownFileType = sourcecode.swift; path = MyFluxRSSUITestsLaunchTests.swift; sourceTree = "<group>"; };
		9197686F27D4AEA400F2F679 /* ContentViewModel.swift */ = {isa = PBXFileReference; lastKnownFileType = sourcecode.swift; path = ContentViewModel.swift; sourceTree = "<group>"; };
		9197687327D4BAC400F2F679 /* Colors.xcassets */ = {isa = PBXFileReference; lastKnownFileType = folder.assetcatalog; path = Colors.xcassets; sourceTree = "<group>"; };
		9197687527D4BBD100F2F679 /* ColorManager.swift */ = {isa = PBXFileReference; lastKnownFileType = sourcecode.swift; path = ColorManager.swift; sourceTree = "<group>"; };
		9197687927D4BF2100F2F679 /* FillViewModel.swift */ = {isa = PBXFileReference; lastKnownFileType = sourcecode.swift; path = FillViewModel.swift; sourceTree = "<group>"; };
		9197687B27D4C02500F2F679 /* FillView.swift */ = {isa = PBXFileReference; lastKnownFileType = sourcecode.swift; path = FillView.swift; sourceTree = "<group>"; };
		9197687D27D4FCEC00F2F679 /* ArticleView.swift */ = {isa = PBXFileReference; lastKnownFileType = sourcecode.swift; path = ArticleView.swift; sourceTree = "<group>"; };
/* End PBXFileReference section */

/* Begin PBXFrameworksBuildPhase section */
		9197683A27D4AD3600F2F679 /* Frameworks */ = {
			isa = PBXFrameworksBuildPhase;
			buildActionMask = 2147483647;
			files = (
				9134180327EDB58C00C1E9E0 /* FirebaseDatabase in Frameworks */,
				9134180127EDB58C00C1E9E0 /* FirebaseAuth in Frameworks */,
			);
			runOnlyForDeploymentPostprocessing = 0;
		};
		9197684A27D4AD3700F2F679 /* Frameworks */ = {
			isa = PBXFrameworksBuildPhase;
			buildActionMask = 2147483647;
			files = (
			);
			runOnlyForDeploymentPostprocessing = 0;
		};
		9197685427D4AD3700F2F679 /* Frameworks */ = {
			isa = PBXFrameworksBuildPhase;
			buildActionMask = 2147483647;
			files = (
			);
			runOnlyForDeploymentPostprocessing = 0;
		};
/* End PBXFrameworksBuildPhase section */

/* Begin PBXGroup section */
		9197683427D4AD3600F2F679 = {
			isa = PBXGroup;
			children = (
				9197683F27D4AD3600F2F679 /* MyFluxRSS */,
				9197685027D4AD3700F2F679 /* MyFluxRSSTests */,
				9197685A27D4AD3700F2F679 /* MyFluxRSSUITests */,
				9197683E27D4AD3600F2F679 /* Products */,
			);
			sourceTree = "<group>";
		};
		9197683E27D4AD3600F2F679 /* Products */ = {
			isa = PBXGroup;
			children = (
				9197683D27D4AD3600F2F679 /* MyFluxRSS.app */,
				9197684D27D4AD3700F2F679 /* MyFluxRSSTests.xctest */,
				9197685727D4AD3700F2F679 /* MyFluxRSSUITests.xctest */,
			);
			name = Products;
			sourceTree = "<group>";
		};
		9197683F27D4AD3600F2F679 /* MyFluxRSS */ = {
			isa = PBXGroup;
			children = (
				91D290EF27DB7F000079CFBD /* Model */,
				9197686C27D4AE5300F2F679 /* ViewModel */,
				9197686B27D4AE4500F2F679 /* Views */,
				9197686A27D4AE3B00F2F679 /* Helpers */,
				9197684627D4AD3700F2F679 /* Preview Content */,
			);
			path = MyFluxRSS;
			sourceTree = "<group>";
		};
		9197684627D4AD3700F2F679 /* Preview Content */ = {
			isa = PBXGroup;
			children = (
				9197684727D4AD3700F2F679 /* Preview Assets.xcassets */,
			);
			path = "Preview Content";
			sourceTree = "<group>";
		};
		9197685027D4AD3700F2F679 /* MyFluxRSSTests */ = {
			isa = PBXGroup;
			children = (
				9197685127D4AD3700F2F679 /* MyFluxRSSTests.swift */,
			);
			path = MyFluxRSSTests;
			sourceTree = "<group>";
		};
		9197685A27D4AD3700F2F679 /* MyFluxRSSUITests */ = {
			isa = PBXGroup;
			children = (
				9197685B27D4AD3700F2F679 /* MyFluxRSSUITests.swift */,
				9197685D27D4AD3700F2F679 /* MyFluxRSSUITestsLaunchTests.swift */,
			);
			path = MyFluxRSSUITests;
			sourceTree = "<group>";
		};
		9197686A27D4AE3B00F2F679 /* Helpers */ = {
			isa = PBXGroup;
			children = (
				913417FD27EDB38600C1E9E0 /* GoogleService-Info.plist */,
				9197684427D4AD3700F2F679 /* Assets.xcassets */,
				9197687327D4BAC400F2F679 /* Colors.xcassets */,
				9197687527D4BBD100F2F679 /* ColorManager.swift */,
			);
			path = Helpers;
			sourceTree = "<group>";
		};
		9197686B27D4AE4500F2F679 /* Views */ = {
			isa = PBXGroup;
			children = (
				9197684027D4AD3600F2F679 /* MyFluxRSSApp.swift */,
				9197684227D4AD3600F2F679 /* ContentView.swift */,
				910FFB3827E479C20059D045 /* RegisterView.swift */,
				9197687D27D4FCEC00F2F679 /* ArticleView.swift */,
				9197687B27D4C02500F2F679 /* FillView.swift */,
				910FFB3227E333BD0059D045 /* BookmarkView.swift */,
				910FFB2E27E327CB0059D045 /* ParametersView.swift */,
				910FFB3627E345710059D045 /* FluxListView.swift */,
			);
			path = Views;
			sourceTree = "<group>";
		};
		9197686C27D4AE5300F2F679 /* ViewModel */ = {
			isa = PBXGroup;
			children = (
				9197686F27D4AEA400F2F679 /* ContentViewModel.swift */,
				910FFB3A27E47C300059D045 /* RegisterViewModel.swift */,
				9197687927D4BF2100F2F679 /* FillViewModel.swift */,
				910FFB3027E328220059D045 /* ParametersViewModel.swift */,
				910FFB3427E333CF0059D045 /* BookmarkViewModel.swift */,
			);
			path = ViewModel;
			sourceTree = "<group>";
		};
		91D290EF27DB7F000079CFBD /* Model */ = {
			isa = PBXGroup;
			children = (
				910DB90327F5D74A00C816A9 /* RssParser.swift */,
				910DB90527F60FEE00C816A9 /* Model.swift */,
			);
			path = Model;
			sourceTree = "<group>";
		};
/* End PBXGroup section */

/* Begin PBXNativeTarget section */
		9197683C27D4AD3600F2F679 /* MyFluxRSS */ = {
			isa = PBXNativeTarget;
			buildConfigurationList = 9197686127D4AD3700F2F679 /* Build configuration list for PBXNativeTarget "MyFluxRSS" */;
			buildPhases = (
				9197683927D4AD3600F2F679 /* Sources */,
				9197683A27D4AD3600F2F679 /* Frameworks */,
				9197683B27D4AD3600F2F679 /* Resources */,
			);
			buildRules = (
			);
			dependencies = (
			);
			name = MyFluxRSS;
			packageProductDependencies = (
				9134180027EDB58C00C1E9E0 /* FirebaseAuth */,
				9134180227EDB58C00C1E9E0 /* FirebaseDatabase */,
			);
			productName = MyFluxRSS;
			productReference = 9197683D27D4AD3600F2F679 /* MyFluxRSS.app */;
			productType = "com.apple.product-type.application";
		};
		9197684C27D4AD3700F2F679 /* MyFluxRSSTests */ = {
			isa = PBXNativeTarget;
			buildConfigurationList = 9197686427D4AD3700F2F679 /* Build configuration list for PBXNativeTarget "MyFluxRSSTests" */;
			buildPhases = (
				9197684927D4AD3700F2F679 /* Sources */,
				9197684A27D4AD3700F2F679 /* Frameworks */,
				9197684B27D4AD3700F2F679 /* Resources */,
			);
			buildRules = (
			);
			dependencies = (
				9197684F27D4AD3700F2F679 /* PBXTargetDependency */,
			);
			name = MyFluxRSSTests;
			productName = MyFluxRSSTests;
			productReference = 9197684D27D4AD3700F2F679 /* MyFluxRSSTests.xctest */;
			productType = "com.apple.product-type.bundle.unit-test";
		};
		9197685627D4AD3700F2F679 /* MyFluxRSSUITests */ = {
			isa = PBXNativeTarget;
			buildConfigurationList = 9197686727D4AD3700F2F679 /* Build configuration list for PBXNativeTarget "MyFluxRSSUITests" */;
			buildPhases = (
				9197685327D4AD3700F2F679 /* Sources */,
				9197685427D4AD3700F2F679 /* Frameworks */,
				9197685527D4AD3700F2F679 /* Resources */,
			);
			buildRules = (
			);
			dependencies = (
				9197685927D4AD3700F2F679 /* PBXTargetDependency */,
			);
			name = MyFluxRSSUITests;
			productName = MyFluxRSSUITests;
			productReference = 9197685727D4AD3700F2F679 /* MyFluxRSSUITests.xctest */;
			productType = "com.apple.product-type.bundle.ui-testing";
		};
/* End PBXNativeTarget section */

/* Begin PBXProject section */
		9197683527D4AD3600F2F679 /* Project object */ = {
			isa = PBXProject;
			attributes = {
				BuildIndependentTargetsInParallel = 1;
				LastSwiftUpdateCheck = 1320;
				LastUpgradeCheck = 1320;
				TargetAttributes = {
					9197683C27D4AD3600F2F679 = {
						CreatedOnToolsVersion = 13.2.1;
					};
					9197684C27D4AD3700F2F679 = {
						CreatedOnToolsVersion = 13.2.1;
						TestTargetID = 9197683C27D4AD3600F2F679;
					};
					9197685627D4AD3700F2F679 = {
						CreatedOnToolsVersion = 13.2.1;
						TestTargetID = 9197683C27D4AD3600F2F679;
					};
				};
			};
			buildConfigurationList = 9197683827D4AD3600F2F679 /* Build configuration list for PBXProject "MyFluxRSS" */;
			compatibilityVersion = "Xcode 13.0";
			developmentRegion = en;
			hasScannedForEncodings = 0;
			knownRegions = (
				en,
				Base,
			);
			mainGroup = 9197683427D4AD3600F2F679;
			packageReferences = (
				913417FF27EDB58C00C1E9E0 /* XCRemoteSwiftPackageReference "firebase-ios-sdk" */,
			);
			productRefGroup = 9197683E27D4AD3600F2F679 /* Products */;
			projectDirPath = "";
			projectRoot = "";
			targets = (
				9197683C27D4AD3600F2F679 /* MyFluxRSS */,
				9197684C27D4AD3700F2F679 /* MyFluxRSSTests */,
				9197685627D4AD3700F2F679 /* MyFluxRSSUITests */,
			);
		};
/* End PBXProject section */

/* Begin PBXResourcesBuildPhase section */
		9197683B27D4AD3600F2F679 /* Resources */ = {
			isa = PBXResourcesBuildPhase;
			buildActionMask = 2147483647;
			files = (
				9197687427D4BAC400F2F679 /* Colors.xcassets in Resources */,
				913417FE27EDB38600C1E9E0 /* GoogleService-Info.plist in Resources */,
				9197684827D4AD3700F2F679 /* Preview Assets.xcassets in Resources */,
				9197684527D4AD3700F2F679 /* Assets.xcassets in Resources */,
			);
			runOnlyForDeploymentPostprocessing = 0;
		};
		9197684B27D4AD3700F2F679 /* Resources */ = {
			isa = PBXResourcesBuildPhase;
			buildActionMask = 2147483647;
			files = (
			);
			runOnlyForDeploymentPostprocessing = 0;
		};
		9197685527D4AD3700F2F679 /* Resources */ = {
			isa = PBXResourcesBuildPhase;
			buildActionMask = 2147483647;
			files = (
			);
			runOnlyForDeploymentPostprocessing = 0;
		};
/* End PBXResourcesBuildPhase section */

/* Begin PBXSourcesBuildPhase section */
		9197683927D4AD3600F2F679 /* Sources */ = {
			isa = PBXSourcesBuildPhase;
			buildActionMask = 2147483647;
			files = (
				910FFB3727E345710059D045 /* FluxListView.swift in Sources */,
				910FFB3B27E47C300059D045 /* RegisterViewModel.swift in Sources */,
				910FFB3527E333CF0059D045 /* BookmarkViewModel.swift in Sources */,
				9197687027D4AEA400F2F679 /* ContentViewModel.swift in Sources */,
				910FFB3927E479C20059D045 /* RegisterView.swift in Sources */,
				9197687627D4BBD100F2F679 /* ColorManager.swift in Sources */,
				910FFB3127E328220059D045 /* ParametersViewModel.swift in Sources */,
				910DB90627F60FEE00C816A9 /* Model.swift in Sources */,
				9197684327D4AD3600F2F679 /* ContentView.swift in Sources */,
				9197687E27D4FCEC00F2F679 /* ArticleView.swift in Sources */,
				9197684127D4AD3600F2F679 /* MyFluxRSSApp.swift in Sources */,
				9197687C27D4C02500F2F679 /* FillView.swift in Sources */,
				910DB90427F5D74A00C816A9 /* RssParser.swift in Sources */,
				910FFB3327E333BD0059D045 /* BookmarkView.swift in Sources */,
				9197687A27D4BF2100F2F679 /* FillViewModel.swift in Sources */,
				910FFB2F27E327CB0059D045 /* ParametersView.swift in Sources */,
			);
			runOnlyForDeploymentPostprocessing = 0;
		};
		9197684927D4AD3700F2F679 /* Sources */ = {
			isa = PBXSourcesBuildPhase;
			buildActionMask = 2147483647;
			files = (
				9197685227D4AD3700F2F679 /* MyFluxRSSTests.swift in Sources */,
			);
			runOnlyForDeploymentPostprocessing = 0;
		};
		9197685327D4AD3700F2F679 /* Sources */ = {
			isa = PBXSourcesBuildPhase;
			buildActionMask = 2147483647;
			files = (
				9197685E27D4AD3700F2F679 /* MyFluxRSSUITestsLaunchTests.swift in Sources */,
				9197685C27D4AD3700F2F679 /* MyFluxRSSUITests.swift in Sources */,
			);
			runOnlyForDeploymentPostprocessing = 0;
		};
/* End PBXSourcesBuildPhase section */

/* Begin PBXTargetDependency section */
		9197684F27D4AD3700F2F679 /* PBXTargetDependency */ = {
			isa = PBXTargetDependency;
			target = 9197683C27D4AD3600F2F679 /* MyFluxRSS */;
			targetProxy = 9197684E27D4AD3700F2F679 /* PBXContainerItemProxy */;
		};
		9197685927D4AD3700F2F679 /* PBXTargetDependency */ = {
			isa = PBXTargetDependency;
			target = 9197683C27D4AD3600F2F679 /* MyFluxRSS */;
			targetProxy = 9197685827D4AD3700F2F679 /* PBXContainerItemProxy */;
		};
/* End PBXTargetDependency section */

/* Begin XCBuildConfiguration section */
		9197685F27D4AD3700F2F679 /* Debug */ = {
			isa = XCBuildConfiguration;
			buildSettings = {
				ALWAYS_SEARCH_USER_PATHS = NO;
				CLANG_ANALYZER_NONNULL = YES;
				CLANG_ANALYZER_NUMBER_OBJECT_CONVERSION = YES_AGGRESSIVE;
				CLANG_CXX_LANGUAGE_STANDARD = "gnu++17";
				CLANG_CXX_LIBRARY = "libc++";
				CLANG_ENABLE_MODULES = YES;
				CLANG_ENABLE_OBJC_ARC = YES;
				CLANG_ENABLE_OBJC_WEAK = YES;
				CLANG_WARN_BLOCK_CAPTURE_AUTORELEASING = YES;
				CLANG_WARN_BOOL_CONVERSION = YES;
				CLANG_WARN_COMMA = YES;
				CLANG_WARN_CONSTANT_CONVERSION = YES;
				CLANG_WARN_DEPRECATED_OBJC_IMPLEMENTATIONS = YES;
				CLANG_WARN_DIRECT_OBJC_ISA_USAGE = YES_ERROR;
				CLANG_WARN_DOCUMENTATION_COMMENTS = YES;
				CLANG_WARN_EMPTY_BODY = YES;
				CLANG_WARN_ENUM_CONVERSION = YES;
				CLANG_WARN_INFINITE_RECURSION = YES;
				CLANG_WARN_INT_CONVERSION = YES;
				CLANG_WARN_NON_LITERAL_NULL_CONVERSION = YES;
				CLANG_WARN_OBJC_IMPLICIT_RETAIN_SELF = YES;
				CLANG_WARN_OBJC_LITERAL_CONVERSION = YES;
				CLANG_WARN_OBJC_ROOT_CLASS = YES_ERROR;
				CLANG_WARN_QUOTED_INCLUDE_IN_FRAMEWORK_HEADER = YES;
				CLANG_WARN_RANGE_LOOP_ANALYSIS = YES;
				CLANG_WARN_STRICT_PROTOTYPES = YES;
				CLANG_WARN_SUSPICIOUS_MOVE = YES;
				CLANG_WARN_UNGUARDED_AVAILABILITY = YES_AGGRESSIVE;
				CLANG_WARN_UNREACHABLE_CODE = YES;
				CLANG_WARN__DUPLICATE_METHOD_MATCH = YES;
				COPY_PHASE_STRIP = NO;
				DEBUG_INFORMATION_FORMAT = dwarf;
				ENABLE_STRICT_OBJC_MSGSEND = YES;
				ENABLE_TESTABILITY = YES;
				GCC_C_LANGUAGE_STANDARD = gnu11;
				GCC_DYNAMIC_NO_PIC = NO;
				GCC_NO_COMMON_BLOCKS = YES;
				GCC_OPTIMIZATION_LEVEL = 0;
				GCC_PREPROCESSOR_DEFINITIONS = (
					"DEBUG=1",
					"$(inherited)",
				);
				GCC_WARN_64_TO_32_BIT_CONVERSION = YES;
				GCC_WARN_ABOUT_RETURN_TYPE = YES_ERROR;
				GCC_WARN_UNDECLARED_SELECTOR = YES;
				GCC_WARN_UNINITIALIZED_AUTOS = YES_AGGRESSIVE;
				GCC_WARN_UNUSED_FUNCTION = YES;
				GCC_WARN_UNUSED_VARIABLE = YES;
				IPHONEOS_DEPLOYMENT_TARGET = 15.2;
				MTL_ENABLE_DEBUG_INFO = INCLUDE_SOURCE;
				MTL_FAST_MATH = YES;
				ONLY_ACTIVE_ARCH = YES;
				SDKROOT = iphoneos;
				SWIFT_ACTIVE_COMPILATION_CONDITIONS = DEBUG;
				SWIFT_OPTIMIZATION_LEVEL = "-Onone";
			};
			name = Debug;
		};
		9197686027D4AD3700F2F679 /* Release */ = {
			isa = XCBuildConfiguration;
			buildSettings = {
				ALWAYS_SEARCH_USER_PATHS = NO;
				CLANG_ANALYZER_NONNULL = YES;
				CLANG_ANALYZER_NUMBER_OBJECT_CONVERSION = YES_AGGRESSIVE;
				CLANG_CXX_LANGUAGE_STANDARD = "gnu++17";
				CLANG_CXX_LIBRARY = "libc++";
				CLANG_ENABLE_MODULES = YES;
				CLANG_ENABLE_OBJC_ARC = YES;
				CLANG_ENABLE_OBJC_WEAK = YES;
				CLANG_WARN_BLOCK_CAPTURE_AUTORELEASING = YES;
				CLANG_WARN_BOOL_CONVERSION = YES;
				CLANG_WARN_COMMA = YES;
				CLANG_WARN_CONSTANT_CONVERSION = YES;
				CLANG_WARN_DEPRECATED_OBJC_IMPLEMENTATIONS = YES;
				CLANG_WARN_DIRECT_OBJC_ISA_USAGE = YES_ERROR;
				CLANG_WARN_DOCUMENTATION_COMMENTS = YES;
				CLANG_WARN_EMPTY_BODY = YES;
				CLANG_WARN_ENUM_CONVERSION = YES;
				CLANG_WARN_INFINITE_RECURSION = YES;
				CLANG_WARN_INT_CONVERSION = YES;
				CLANG_WARN_NON_LITERAL_NULL_CONVERSION = YES;
				CLANG_WARN_OBJC_IMPLICIT_RETAIN_SELF = YES;
				CLANG_WARN_OBJC_LITERAL_CONVERSION = YES;
				CLANG_WARN_OBJC_ROOT_CLASS = YES_ERROR;
				CLANG_WARN_QUOTED_INCLUDE_IN_FRAMEWORK_HEADER = YES;
				CLANG_WARN_RANGE_LOOP_ANALYSIS = YES;
				CLANG_WARN_STRICT_PROTOTYPES = YES;
				CLANG_WARN_SUSPICIOUS_MOVE = YES;
				CLANG_WARN_UNGUARDED_AVAILABILITY = YES_AGGRESSIVE;
				CLANG_WARN_UNREACHABLE_CODE = YES;
				CLANG_WARN__DUPLICATE_METHOD_MATCH = YES;
				COPY_PHASE_STRIP = NO;
				DEBUG_INFORMATION_FORMAT = "dwarf-with-dsym";
				ENABLE_NS_ASSERTIONS = NO;
				ENABLE_STRICT_OBJC_MSGSEND = YES;
				GCC_C_LANGUAGE_STANDARD = gnu11;
				GCC_NO_COMMON_BLOCKS = YES;
				GCC_WARN_64_TO_32_BIT_CONVERSION = YES;
				GCC_WARN_ABOUT_RETURN_TYPE = YES_ERROR;
				GCC_WARN_UNDECLARED_SELECTOR = YES;
				GCC_WARN_UNINITIALIZED_AUTOS = YES_AGGRESSIVE;
				GCC_WARN_UNUSED_FUNCTION = YES;
				GCC_WARN_UNUSED_VARIABLE = YES;
				IPHONEOS_DEPLOYMENT_TARGET = 15.2;
				MTL_ENABLE_DEBUG_INFO = NO;
				MTL_FAST_MATH = YES;
				SDKROOT = iphoneos;
				SWIFT_COMPILATION_MODE = wholemodule;
				SWIFT_OPTIMIZATION_LEVEL = "-O";
				VALIDATE_PRODUCT = YES;
			};
			name = Release;
		};
		9197686227D4AD3700F2F679 /* Debug */ = {
			isa = XCBuildConfiguration;
			buildSettings = {
				ASSETCATALOG_COMPILER_APPICON_NAME = AppIcon;
				ASSETCATALOG_COMPILER_GLOBAL_ACCENT_COLOR_NAME = AccentColor;
				CODE_SIGN_STYLE = Automatic;
				CURRENT_PROJECT_VERSION = 1;
				DEVELOPMENT_ASSET_PATHS = "\"MyFluxRSS/Preview Content\"";
				DEVELOPMENT_TEAM = FW54VJ38LC;
				ENABLE_PREVIEWS = YES;
				GENERATE_INFOPLIST_FILE = YES;
				INFOPLIST_KEY_UIApplicationSceneManifest_Generation = YES;
				INFOPLIST_KEY_UIApplicationSupportsIndirectInputEvents = YES;
				INFOPLIST_KEY_UILaunchScreen_Generation = YES;
				INFOPLIST_KEY_UISupportedInterfaceOrientations_iPad = "UIInterfaceOrientationPortrait UIInterfaceOrientationPortraitUpsideDown UIInterfaceOrientationLandscapeLeft UIInterfaceOrientationLandscapeRight";
				INFOPLIST_KEY_UISupportedInterfaceOrientations_iPhone = "UIInterfaceOrientationPortrait UIInterfaceOrientationLandscapeLeft UIInterfaceOrientationLandscapeRight";
				LD_RUNPATH_SEARCH_PATHS = (
					"$(inherited)",
					"@executable_path/Frameworks",
				);
				MARKETING_VERSION = 1.0;
				PRODUCT_BUNDLE_IDENTIFIER = com.mj.MyFluxRSS;
				PRODUCT_NAME = "$(TARGET_NAME)";
				SWIFT_EMIT_LOC_STRINGS = YES;
				SWIFT_VERSION = 5.0;
				TARGETED_DEVICE_FAMILY = "1,2";
			};
			name = Debug;
		};
		9197686327D4AD3700F2F679 /* Release */ = {
			isa = XCBuildConfiguration;
			buildSettings = {
				ASSETCATALOG_COMPILER_APPICON_NAME = AppIcon;
				ASSETCATALOG_COMPILER_GLOBAL_ACCENT_COLOR_NAME = AccentColor;
				CODE_SIGN_STYLE = Automatic;
				CURRENT_PROJECT_VERSION = 1;
				DEVELOPMENT_ASSET_PATHS = "\"MyFluxRSS/Preview Content\"";
				DEVELOPMENT_TEAM = FW54VJ38LC;
				ENABLE_PREVIEWS = YES;
				GENERATE_INFOPLIST_FILE = YES;
				INFOPLIST_KEY_UIApplicationSceneManifest_Generation = YES;
				INFOPLIST_KEY_UIApplicationSupportsIndirectInputEvents = YES;
				INFOPLIST_KEY_UILaunchScreen_Generation = YES;
				INFOPLIST_KEY_UISupportedInterfaceOrientations_iPad = "UIInterfaceOrientationPortrait UIInterfaceOrientationPortraitUpsideDown UIInterfaceOrientationLandscapeLeft UIInterfaceOrientationLandscapeRight";
				INFOPLIST_KEY_UISupportedInterfaceOrientations_iPhone = "UIInterfaceOrientationPortrait UIInterfaceOrientationLandscapeLeft UIInterfaceOrientationLandscapeRight";
				LD_RUNPATH_SEARCH_PATHS = (
					"$(inherited)",
					"@executable_path/Frameworks",
				);
				MARKETING_VERSION = 1.0;
				PRODUCT_BUNDLE_IDENTIFIER = com.mj.MyFluxRSS;
				PRODUCT_NAME = "$(TARGET_NAME)";
				SWIFT_EMIT_LOC_STRINGS = YES;
				SWIFT_VERSION = 5.0;
				TARGETED_DEVICE_FAMILY = "1,2";
			};
			name = Release;
		};
		9197686527D4AD3700F2F679 /* Debug */ = {
			isa = XCBuildConfiguration;
			buildSettings = {
				ALWAYS_EMBED_SWIFT_STANDARD_LIBRARIES = YES;
				BUNDLE_LOADER = "$(TEST_HOST)";
				CODE_SIGN_STYLE = Automatic;
				CURRENT_PROJECT_VERSION = 1;
				DEVELOPMENT_TEAM = FW54VJ38LC;
				GENERATE_INFOPLIST_FILE = YES;
				IPHONEOS_DEPLOYMENT_TARGET = 15.2;
				MARKETING_VERSION = 1.0;
				PRODUCT_BUNDLE_IDENTIFIER = com.mj.MyFluxRSSTests;
				PRODUCT_NAME = "$(TARGET_NAME)";
				SWIFT_EMIT_LOC_STRINGS = NO;
				SWIFT_VERSION = 5.0;
				TARGETED_DEVICE_FAMILY = "1,2";
				TEST_HOST = "$(BUILT_PRODUCTS_DIR)/MyFluxRSS.app/MyFluxRSS";
			};
			name = Debug;
		};
		9197686627D4AD3700F2F679 /* Release */ = {
			isa = XCBuildConfiguration;
			buildSettings = {
				ALWAYS_EMBED_SWIFT_STANDARD_LIBRARIES = YES;
				BUNDLE_LOADER = "$(TEST_HOST)";
				CODE_SIGN_STYLE = Automatic;
				CURRENT_PROJECT_VERSION = 1;
				DEVELOPMENT_TEAM = FW54VJ38LC;
				GENERATE_INFOPLIST_FILE = YES;
				IPHONEOS_DEPLOYMENT_TARGET = 15.2;
				MARKETING_VERSION = 1.0;
				PRODUCT_BUNDLE_IDENTIFIER = com.mj.MyFluxRSSTests;
				PRODUCT_NAME = "$(TARGET_NAME)";
				SWIFT_EMIT_LOC_STRINGS = NO;
				SWIFT_VERSION = 5.0;
				TARGETED_DEVICE_FAMILY = "1,2";
				TEST_HOST = "$(BUILT_PRODUCTS_DIR)/MyFluxRSS.app/MyFluxRSS";
			};
			name = Release;
		};
		9197686827D4AD3700F2F679 /* Debug */ = {
			isa = XCBuildConfiguration;
			buildSettings = {
				ALWAYS_EMBED_SWIFT_STANDARD_LIBRARIES = YES;
				CODE_SIGN_STYLE = Automatic;
				CURRENT_PROJECT_VERSION = 1;
				DEVELOPMENT_TEAM = FW54VJ38LC;
				GENERATE_INFOPLIST_FILE = YES;
				MARKETING_VERSION = 1.0;
				PRODUCT_BUNDLE_IDENTIFIER = com.mj.MyFluxRSSUITests;
				PRODUCT_NAME = "$(TARGET_NAME)";
				SWIFT_EMIT_LOC_STRINGS = NO;
				SWIFT_VERSION = 5.0;
				TARGETED_DEVICE_FAMILY = "1,2";
				TEST_TARGET_NAME = MyFluxRSS;
			};
			name = Debug;
		};
		9197686927D4AD3700F2F679 /* Release */ = {
			isa = XCBuildConfiguration;
			buildSettings = {
				ALWAYS_EMBED_SWIFT_STANDARD_LIBRARIES = YES;
				CODE_SIGN_STYLE = Automatic;
				CURRENT_PROJECT_VERSION = 1;
				DEVELOPMENT_TEAM = FW54VJ38LC;
				GENERATE_INFOPLIST_FILE = YES;
				MARKETING_VERSION = 1.0;
				PRODUCT_BUNDLE_IDENTIFIER = com.mj.MyFluxRSSUITests;
				PRODUCT_NAME = "$(TARGET_NAME)";
				SWIFT_EMIT_LOC_STRINGS = NO;
				SWIFT_VERSION = 5.0;
				TARGETED_DEVICE_FAMILY = "1,2";
				TEST_TARGET_NAME = MyFluxRSS;
			};
			name = Release;
		};
/* End XCBuildConfiguration section */

/* Begin XCConfigurationList section */
		9197683827D4AD3600F2F679 /* Build configuration list for PBXProject "MyFluxRSS" */ = {
			isa = XCConfigurationList;
			buildConfigurations = (
				9197685F27D4AD3700F2F679 /* Debug */,
				9197686027D4AD3700F2F679 /* Release */,
			);
			defaultConfigurationIsVisible = 0;
			defaultConfigurationName = Release;
		};
		9197686127D4AD3700F2F679 /* Build configuration list for PBXNativeTarget "MyFluxRSS" */ = {
			isa = XCConfigurationList;
			buildConfigurations = (
				9197686227D4AD3700F2F679 /* Debug */,
				9197686327D4AD3700F2F679 /* Release */,
			);
			defaultConfigurationIsVisible = 0;
			defaultConfigurationName = Release;
		};
		9197686427D4AD3700F2F679 /* Build configuration list for PBXNativeTarget "MyFluxRSSTests" */ = {
			isa = XCConfigurationList;
			buildConfigurations = (
				9197686527D4AD3700F2F679 /* Debug */,
				9197686627D4AD3700F2F679 /* Release */,
			);
			defaultConfigurationIsVisible = 0;
			defaultConfigurationName = Release;
		};
		9197686727D4AD3700F2F679 /* Build configuration list for PBXNativeTarget "MyFluxRSSUITests" */ = {
			isa = XCConfigurationList;
			buildConfigurations = (
				9197686827D4AD3700F2F679 /* Debug */,
				9197686927D4AD3700F2F679 /* Release */,
			);
			defaultConfigurationIsVisible = 0;
			defaultConfigurationName = Release;
		};
/* End XCConfigurationList section */

/* Begin XCRemoteSwiftPackageReference section */
		913417FF27EDB58C00C1E9E0 /* XCRemoteSwiftPackageReference "firebase-ios-sdk" */ = {
			isa = XCRemoteSwiftPackageReference;
			repositoryURL = "https://github.com/firebase/firebase-ios-sdk";
			requirement = {
				kind = upToNextMajorVersion;
				minimumVersion = 8.0.0;
			};
		};
/* End XCRemoteSwiftPackageReference section */

/* Begin XCSwiftPackageProductDependency section */
		9134180027EDB58C00C1E9E0 /* FirebaseAuth */ = {
			isa = XCSwiftPackageProductDependency;
			package = 913417FF27EDB58C00C1E9E0 /* XCRemoteSwiftPackageReference "firebase-ios-sdk" */;
			productName = FirebaseAuth;
		};
		9134180227EDB58C00C1E9E0 /* FirebaseDatabase */ = {
			isa = XCSwiftPackageProductDependency;
			package = 913417FF27EDB58C00C1E9E0 /* XCRemoteSwiftPackageReference "firebase-ios-sdk" */;
			productName = FirebaseDatabase;
		};
/* End XCSwiftPackageProductDependency section */
	};
	rootObject = 9197683527D4AD3600F2F679 /* Project object */;
}
